
Microsoft Visual Studio Solution File, Format Version 12.00
# Visual Studio Version 16
VisualStudioVersion = 25.0.1703.5
MinimumVisualStudioVersion = 10.0.40219.1
Project("{FAE04EC0-301F-11D3-BF4B-00C04F79EFBC}") = "Module2HW3", "Module2HW3\Module2HW3.csproj", "{65B1F496-5992-4554-A5CA-7F095F8E45B1}"
EndProject
Global
	GlobalSection(SolutionConfigurationPlatforms) = preSolution
		Debug|Any CPU = Debug|Any CPU
		Release|Any CPU = Release|Any CPU
	EndGlobalSection
	GlobalSection(ProjectConfigurationPlatforms) = postSolution
		{65B1F496-5992-4554-A5CA-7F095F8E45B1}.Debug|Any CPU.ActiveCfg = Debug|Any CPU
		{65B1F496-5992-4554-A5CA-7F095F8E45B1}.Debug|Any CPU.Build.0 = Debug|Any CPU
		{65B1F496-5992-4554-A5CA-7F095F8E45B1}.Release|Any CPU.ActiveCfg = Release|Any CPU
		{65B1F496-5992-4554-A5CA-7F095F8E45B1}.Release|Any CPU.Build.0 = Release|Any CPU
	EndGlobalSection
	GlobalSection(SolutionProperties) = preSolution
		HideSolutionNode = FALSE
	EndGlobalSection
	GlobalSection(ExtensibilityGlobals) = postSolution
		SolutionGuid = {0AE5133B-2028-4755-AC7C-5DF36B85322C}
	EndGlobalSection
EndGlobal
